Microsoft Visual Studio Solution File, Format Version 12.00
# Visual Studio 14
Project("{8BC9CEB8-8B4A-11D0-8D11-00A0C91BC942}") = "ALL_BUILD", "ALL_BUILD.vcxproj", "{09B353D2-B511-34D8-B1EA-526FE44AC6A2}"
	ProjectSection(ProjectDependencies) = postProject
		{3D6EA490-D488-34F6-BA7D-1A0C06F01B4B} = {3D6EA490-D488-34F6-BA7D-1A0C06F01B4B}
		{38F467C4-272E-3718-9D61-00464462D132} = {38F467C4-272E-3718-9D61-00464462D132}
		{D7892168-08FD-30BF-A611-6024C5E77A7B} = {D7892168-08FD-30BF-A611-6024C5E77A7B}
		{6F5E19A8-F2D3-3B8A-B086-5F2DD0891CD0} = {6F5E19A8-F2D3-3B8A-B086-5F2DD0891CD0}
		{CFD9A3A7-B85B-3648-9654-826DC799139E} = {CFD9A3A7-B85B-3648-9654-826DC799139E}
		{444D9577-556A-3FC5-AE77-9E18719AE875} = {444D9577-556A-3FC5-AE77-9E18719AE875}
		{FDC75DB7-73E3-3934-8EEE-05E6565AF8A0} = {FDC75DB7-73E3-3934-8EEE-05E6565AF8A0}
		{8030EC20-5B67-3BD9-A892-0357B1552CB1} = {8030EC20-5B67-3BD9-A892-0357B1552CB1}
		{BE6C8A1F-A0DD-38D3-ACB1-5F3376B4E87B} = {BE6C8A1F-A0DD-38D3-ACB1-5F3376B4E87B}
		{1DC4104D-4FA3-31E9-8CAC-A98FE0BD79B6} = {1DC4104D-4FA3-31E9-8CAC-A98FE0BD79B6}
		{75238041-1FDE-3835-95EA-6F1F394FCB50} = {75238041-1FDE-3835-95EA-6F1F394FCB50}
		{921E9820-4830-3E75-85EB-66A1268FB4CF} = {921E9820-4830-3E75-85EB-66A1268FB4CF}
		{86262AD2-82BF-3E49-BBDF-418848027A2B} = {86262AD2-82BF-3E49-BBDF-418848027A2B}
		{210C70C7-34E2-380A-A6E3-7066E0DE2898} = {210C70C7-34E2-380A-A6E3-7066E0DE2898}
		{F6418330-9817-3EB2-8216-90C585724E20} = {F6418330-9817-3EB2-8216-90C585724E20}
		{8FE24A1D-5066-3B09-854F-06CE34669536} = {8FE24A1D-5066-3B09-854F-06CE34669536}
	EndProjectSection
EndProject
Project("{8BC9CEB8-8B4A-11D0-8D11-00A0C91BC942}") = "INSTALL", "INSTALL.vcxproj", "{3ED41E61-1DB1-308D-B887-A538365A1AB8}"
	ProjectSection(ProjectDependencies) = postProject
		{09B353D2-B511-34D8-B1EA-526FE44AC6A2} = {09B353D2-B511-34D8-B1EA-526FE44AC6A2}
		{3D6EA490-D488-34F6-BA7D-1A0C06F01B4B} = {3D6EA490-D488-34F6-BA7D-1A0C06F01B4B}
	EndProjectSection
EndProject
Project("{8BC9CEB8-8B4A-11D0-8D11-00A0C91BC942}") = "RUN_TESTS", "RUN_TESTS.vcxproj", "{BE16B8E3-6DF9-3B30-9B0F-D27EB6E1F798}"
	ProjectSection(ProjectDependencies) = postProject
		{3D6EA490-D488-34F6-BA7D-1A0C06F01B4B} = {3D6EA490-D488-34F6-BA7D-1A0C06F01B4B}
	EndProjectSection
EndProject
Project("{8BC9CEB8-8B4A-11D0-8D11-00A0C91BC942}") = "ZERO_CHECK", "ZERO_CHECK.vcxproj", "{3D6EA490-D488-34F6-BA7D-1A0C06F01B4B}"
	ProjectSection(ProjectDependencies) = postProject
	EndProjectSection
EndProject
Project("{8BC9CEB8-8B4A-11D0-8D11-00A0C91BC942}") = "basic_test", "test\basic_test.vcxproj", "{38F467C4-272E-3718-9D61-00464462D132}"
	ProjectSection(ProjectDependencies) = postProject
		{3D6EA490-D488-34F6-BA7D-1A0C06F01B4B} = {3D6EA490-D488-34F6-BA7D-1A0C06F01B4B}
		{D7892168-08FD-30BF-A611-6024C5E77A7B} = {D7892168-08FD-30BF-A611-6024C5E77A7B}
	EndProjectSection
EndProject
Project("{8BC9CEB8-8B4A-11D0-8D11-00A0C91BC942}") = "benchmark", "src\benchmark.vcxproj", "{D7892168-08FD-30BF-A611-6024C5E77A7B}"
	ProjectSection(ProjectDependencies) = postProject
		{3D6EA490-D488-34F6-BA7D-1A0C06F01B4B} = {3D6EA490-D488-34F6-BA7D-1A0C06F01B4B}
	EndProjectSection
EndProject
Project("{8BC9CEB8-8B4A-11D0-8D11-00A0C91BC942}") = "benchmark_test", "test\benchmark_test.vcxproj", "{6F5E19A8-F2D3-3B8A-B086-5F2DD0891CD0}"
	ProjectSection(ProjectDependencies) = postProject
		{3D6EA490-D488-34F6-BA7D-1A0C06F01B4B} = {3D6EA490-D488-34F6-BA7D-1A0C06F01B4B}
		{D7892168-08FD-30BF-A611-6024C5E77A7B} = {D7892168-08FD-30BF-A611-6024C5E77A7B}
	EndProjectSection
EndProject
Project("{8BC9CEB8-8B4A-11D0-8D11-00A0C91BC942}") = "complexity_test", "test\complexity_test.vcxproj", "{CFD9A3A7-B85B-3648-9654-826DC799139E}"
	ProjectSection(ProjectDependencies) = postProject
		{3D6EA490-D488-34F6-BA7D-1A0C06F01B4B} = {3D6EA490-D488-34F6-BA7D-1A0C06F01B4B}
		{D7892168-08FD-30BF-A611-6024C5E77A7B} = {D7892168-08FD-30BF-A611-6024C5E77A7B}
		{86262AD2-82BF-3E49-BBDF-418848027A2B} = {86262AD2-82BF-3E49-BBDF-418848027A2B}
	EndProjectSection
EndProject
Project("{8BC9CEB8-8B4A-11D0-8D11-00A0C91BC942}") = "diagnostics_test", "test\diagnostics_test.vcxproj", "{444D9577-556A-3FC5-AE77-9E18719AE875}"
	ProjectSection(ProjectDependencies) = postProject
		{3D6EA490-D488-34F6-BA7D-1A0C06F01B4B} = {3D6EA490-D488-34F6-BA7D-1A0C06F01B4B}
		{D7892168-08FD-30BF-A611-6024C5E77A7B} = {D7892168-08FD-30BF-A611-6024C5E77A7B}
	EndProjectSection
EndProject
Project("{8BC9CEB8-8B4A-11D0-8D11-00A0C91BC942}") = "donotoptimize_test", "test\donotoptimize_test.vcxproj", "{FDC75DB7-73E3-3934-8EEE-05E6565AF8A0}"
	ProjectSection(ProjectDependencies) = postProject
		{3D6EA490-D488-34F6-BA7D-1A0C06F01B4B} = {3D6EA490-D488-34F6-BA7D-1A0C06F01B4B}
		{D7892168-08FD-30BF-A611-6024C5E77A7B} = {D7892168-08FD-30BF-A611-6024C5E77A7B}
	EndProjectSection
EndProject
Project("{8BC9CEB8-8B4A-11D0-8D11-00A0C91BC942}") = "filter_test", "test\filter_test.vcxproj", "{8030EC20-5B67-3BD9-A892-0357B1552CB1}"
	ProjectSection(ProjectDependencies) = postProject
		{3D6EA490-D488-34F6-BA7D-1A0C06F01B4B} = {3D6EA490-D488-34F6-BA7D-1A0C06F01B4B}
		{D7892168-08FD-30BF-A611-6024C5E77A7B} = {D7892168-08FD-30BF-A611-6024C5E77A7B}
	EndProjectSection
EndProject
Project("{8BC9CEB8-8B4A-11D0-8D11-00A0C91BC942}") = "fixture_test", "test\fixture_test.vcxproj", "{BE6C8A1F-A0DD-38D3-ACB1-5F3376B4E87B}"
	ProjectSection(ProjectDependencies) = postProject
		{3D6EA490-D488-34F6-BA7D-1A0C06F01B4B} = {3D6EA490-D488-34F6-BA7D-1A0C06F01B4B}
		{D7892168-08FD-30BF-A611-6024C5E77A7B} = {D7892168-08FD-30BF-A611-6024C5E77A7B}
	EndProjectSection
EndProject
Project("{8BC9CEB8-8B4A-11D0-8D11-00A0C91BC942}") = "map_test", "test\map_test.vcxproj", "{1DC4104D-4FA3-31E9-8CAC-A98FE0BD79B6}"
	ProjectSection(ProjectDependencies) = postProject
		{3D6EA490-D488-34F6-BA7D-1A0C06F01B4B} = {3D6EA490-D488-34F6-BA7D-1A0C06F01B4B}
		{D7892168-08FD-30BF-A611-6024C5E77A7B} = {D7892168-08FD-30BF-A611-6024C5E77A7B}
	EndProjectSection
EndProject
Project("{8BC9CEB8-8B4A-11D0-8D11-00A0C91BC942}") = "multiple_ranges_test", "test\multiple_ranges_test.vcxproj", "{75238041-1FDE-3835-95EA-6F1F394FCB50}"
	ProjectSection(ProjectDependencies) = postProject
		{3D6EA490-D488-34F6-BA7D-1A0C06F01B4B} = {3D6EA490-D488-34F6-BA7D-1A0C06F01B4B}
		{D7892168-08FD-30BF-A611-6024C5E77A7B} = {D7892168-08FD-30BF-A611-6024C5E77A7B}
	EndProjectSection
EndProject
Project("{8BC9CEB8-8B4A-11D0-8D11-00A0C91BC942}") = "options_test", "test\options_test.vcxproj", "{921E9820-4830-3E75-85EB-66A1268FB4CF}"
	ProjectSection(ProjectDependencies) = postProject
		{3D6EA490-D488-34F6-BA7D-1A0C06F01B4B} = {3D6EA490-D488-34F6-BA7D-1A0C06F01B4B}
		{D7892168-08FD-30BF-A611-6024C5E77A7B} = {D7892168-08FD-30BF-A611-6024C5E77A7B}
	EndProjectSection
EndProject
Project("{8BC9CEB8-8B4A-11D0-8D11-00A0C91BC942}") = "output_test_helper", "test\output_test_helper.vcxproj", "{86262AD2-82BF-3E49-BBDF-418848027A2B}"
	ProjectSection(ProjectDependencies) = postProject
		{3D6EA490-D488-34F6-BA7D-1A0C06F01B4B} = {3D6EA490-D488-34F6-BA7D-1A0C06F01B4B}
	EndProjectSection
EndProject
Project("{8BC9CEB8-8B4A-11D0-8D11-00A0C91BC942}") = "register_benchmark_test", "test\register_benchmark_test.vcxproj", "{210C70C7-34E2-380A-A6E3-7066E0DE2898}"
	ProjectSection(ProjectDependencies) = postProject
		{3D6EA490-D488-34F6-BA7D-1A0C06F01B4B} = {3D6EA490-D488-34F6-BA7D-1A0C06F01B4B}
		{D7892168-08FD-30BF-A611-6024C5E77A7B} = {D7892168-08FD-30BF-A611-6024C5E77A7B}
	EndProjectSection
EndProject
Project("{8BC9CEB8-8B4A-11D0-8D11-00A0C91BC942}") = "reporter_output_test", "test\reporter_output_test.vcxproj", "{F6418330-9817-3EB2-8216-90C585724E20}"
	ProjectSection(ProjectDependencies) = postProject
		{3D6EA490-D488-34F6-BA7D-1A0C06F01B4B} = {3D6EA490-D488-34F6-BA7D-1A0C06F01B4B}
		{D7892168-08FD-30BF-A611-6024C5E77A7B} = {D7892168-08FD-30BF-A611-6024C5E77A7B}
		{86262AD2-82BF-3E49-BBDF-418848027A2B} = {86262AD2-82BF-3E49-BBDF-418848027A2B}
	EndProjectSection
EndProject
Project("{8BC9CEB8-8B4A-11D0-8D11-00A0C91BC942}") = "skip_with_error_test", "test\skip_with_error_test.vcxproj", "{8FE24A1D-5066-3B09-854F-06CE34669536}"
	ProjectSection(ProjectDependencies) = postProject
		{3D6EA490-D488-34F6-BA7D-1A0C06F01B4B} = {3D6EA490-D488-34F6-BA7D-1A0C06F01B4B}
		{D7892168-08FD-30BF-A611-6024C5E77A7B} = {D7892168-08FD-30BF-A611-6024C5E77A7B}
	EndProjectSection
EndProject
Global
	GlobalSection(SolutionConfigurationPlatforms) = preSolution
		Debug|Win32 = Debug|Win32
		Release|Win32 = Release|Win32
		MinSizeRel|Win32 = MinSizeRel|Win32
		RelWithDebInfo|Win32 = RelWithDebInfo|Win32
	EndGlobalSection
	GlobalSection(ProjectConfigurationPlatforms) = postSolution
		{09B353D2-B511-34D8-B1EA-526FE44AC6A2}.Debug|Win32.ActiveCfg = Debug|Win32
		{09B353D2-B511-34D8-B1EA-526FE44AC6A2}.Debug|Win32.Build.0 = Debug|Win32
		{09B353D2-B511-34D8-B1EA-526FE44AC6A2}.Release|Win32.ActiveCfg = Release|Win32
		{09B353D2-B511-34D8-B1EA-526FE44AC6A2}.Release|Win32.Build.0 = Release|Win32
		{09B353D2-B511-34D8-B1EA-526FE44AC6A2}.MinSizeRel|Win32.ActiveCfg = MinSizeRel|Win32
		{09B353D2-B511-34D8-B1EA-526FE44AC6A2}.MinSizeRel|Win32.Build.0 = MinSizeRel|Win32
		{09B353D2-B511-34D8-B1EA-526FE44AC6A2}.RelWithDebInfo|Win32.ActiveCfg = RelWithDebInfo|Win32
		{09B353D2-B511-34D8-B1EA-526FE44AC6A2}.RelWithDebInfo|Win32.Build.0 = RelWithDebInfo|Win32
		{3ED41E61-1DB1-308D-B887-A538365A1AB8}.Debug|Win32.ActiveCfg = Debug|Win32
		{3ED41E61-1DB1-308D-B887-A538365A1AB8}.Release|Win32.ActiveCfg = Release|Win32
		{3ED41E61-1DB1-308D-B887-A538365A1AB8}.MinSizeRel|Win32.ActiveCfg = MinSizeRel|Win32
		{3ED41E61-1DB1-308D-B887-A538365A1AB8}.RelWithDebInfo|Win32.ActiveCfg = RelWithDebInfo|Win32
		{BE16B8E3-6DF9-3B30-9B0F-D27EB6E1F798}.Debug|Win32.ActiveCfg = Debug|Win32
		{BE16B8E3-6DF9-3B30-9B0F-D27EB6E1F798}.Release|Win32.ActiveCfg = Release|Win32
		{BE16B8E3-6DF9-3B30-9B0F-D27EB6E1F798}.MinSizeRel|Win32.ActiveCfg = MinSizeRel|Win32
		{BE16B8E3-6DF9-3B30-9B0F-D27EB6E1F798}.RelWithDebInfo|Win32.ActiveCfg = RelWithDebInfo|Win32
		{3D6EA490-D488-34F6-BA7D-1A0C06F01B4B}.Debug|Win32.ActiveCfg = Debug|Win32
		{3D6EA490-D488-34F6-BA7D-1A0C06F01B4B}.Debug|Win32.Build.0 = Debug|Win32
		{3D6EA490-D488-34F6-BA7D-1A0C06F01B4B}.Release|Win32.ActiveCfg = Release|Win32
		{3D6EA490-D488-34F6-BA7D-1A0C06F01B4B}.Release|Win32.Build.0 = Release|Win32
		{3D6EA490-D488-34F6-BA7D-1A0C06F01B4B}.MinSizeRel|Win32.ActiveCfg = MinSizeRel|Win32
		{3D6EA490-D488-34F6-BA7D-1A0C06F01B4B}.MinSizeRel|Win32.Build.0 = MinSizeRel|Win32
		{3D6EA490-D488-34F6-BA7D-1A0C06F01B4B}.RelWithDebInfo|Win32.ActiveCfg = RelWithDebInfo|Win32
		{3D6EA490-D488-34F6-BA7D-1A0C06F01B4B}.RelWithDebInfo|Win32.Build.0 = RelWithDebInfo|Win32
		{38F467C4-272E-3718-9D61-00464462D132}.Debug|Win32.ActiveCfg = Debug|Win32
		{38F467C4-272E-3718-9D61-00464462D132}.Debug|Win32.Build.0 = Debug|Win32
		{38F467C4-272E-3718-9D61-00464462D132}.Release|Win32.ActiveCfg = Release|Win32
		{38F467C4-272E-3718-9D61-00464462D132}.Release|Win32.Build.0 = Release|Win32
		{38F467C4-272E-3718-9D61-00464462D132}.MinSizeRel|Win32.ActiveCfg = MinSizeRel|Win32
		{38F467C4-272E-3718-9D61-00464462D132}.MinSizeRel|Win32.Build.0 = MinSizeRel|Win32
		{38F467C4-272E-3718-9D61-00464462D132}.RelWithDebInfo|Win32.ActiveCfg = RelWithDebInfo|Win32
		{38F467C4-272E-3718-9D61-00464462D132}.RelWithDebInfo|Win32.Build.0 = RelWithDebInfo|Win32
		{D7892168-08FD-30BF-A611-6024C5E77A7B}.Debug|Win32.ActiveCfg = Debug|Win32
		{D7892168-08FD-30BF-A611-6024C5E77A7B}.Debug|Win32.Build.0 = Debug|Win32
		{D7892168-08FD-30BF-A611-6024C5E77A7B}.Release|Win32.ActiveCfg = Release|Win32
		{D7892168-08FD-30BF-A611-6024C5E77A7B}.Release|Win32.Build.0 = Release|Win32
		{D7892168-08FD-30BF-A611-6024C5E77A7B}.MinSizeRel|Win32.ActiveCfg = MinSizeRel|Win32
		{D7892168-08FD-30BF-A611-6024C5E77A7B}.MinSizeRel|Win32.Build.0 = MinSizeRel|Win32
		{D7892168-08FD-30BF-A611-6024C5E77A7B}.RelWithDebInfo|Win32.ActiveCfg = RelWithDebInfo|Win32
		{D7892168-08FD-30BF-A611-6024C5E77A7B}.RelWithDebInfo|Win32.Build.0 = RelWithDebInfo|Win32
		{6F5E19A8-F2D3-3B8A-B086-5F2DD0891CD0}.Debug|Win32.ActiveCfg = Debug|Win32
		{6F5E19A8-F2D3-3B8A-B086-5F2DD0891CD0}.Debug|Win32.Build.0 = Debug|Win32
		{6F5E19A8-F2D3-3B8A-B086-5F2DD0891CD0}.Release|Win32.ActiveCfg = Release|Win32
		{6F5E19A8-F2D3-3B8A-B086-5F2DD0891CD0}.Release|Win32.Build.0 = Release|Win32
		{6F5E19A8-F2D3-3B8A-B086-5F2DD0891CD0}.MinSizeRel|Win32.ActiveCfg = MinSizeRel|Win32
		{6F5E19A8-F2D3-3B8A-B086-5F2DD0891CD0}.MinSizeRel|Win32.Build.0 = MinSizeRel|Win32
		{6F5E19A8-F2D3-3B8A-B086-5F2DD0891CD0}.RelWithDebInfo|Win32.ActiveCfg = RelWithDebInfo|Win32
		{6F5E19A8-F2D3-3B8A-B086-5F2DD0891CD0}.RelWithDebInfo|Win32.Build.0 = RelWithDebInfo|Win32
		{CFD9A3A7-B85B-3648-9654-826DC799139E}.Debug|Win32.ActiveCfg = Debug|Win32
		{CFD9A3A7-B85B-3648-9654-826DC799139E}.Debug|Win32.Build.0 = Debug|Win32
		{CFD9A3A7-B85B-3648-9654-826DC799139E}.Release|Win32.ActiveCfg = Release|Win32
		{CFD9A3A7-B85B-3648-9654-826DC799139E}.Release|Win32.Build.0 = Release|Win32
		{CFD9A3A7-B85B-3648-9654-826DC799139E}.MinSizeRel|Win32.ActiveCfg = MinSizeRel|Win32
		{CFD9A3A7-B85B-3648-9654-826DC799139E}.MinSizeRel|Win32.Build.0 = MinSizeRel|Win32
		{CFD9A3A7-B85B-3648-9654-826DC799139E}.RelWithDebInfo|Win32.ActiveCfg = RelWithDebInfo|Win32
		{CFD9A3A7-B85B-3648-9654-826DC799139E}.RelWithDebInfo|Win32.Build.0 = RelWithDebInfo|Win32
		{444D9577-556A-3FC5-AE77-9E18719AE875}.Debug|Win32.ActiveCfg = Debug|Win32
		{444D9577-556A-3FC5-AE77-9E18719AE875}.Debug|Win32.Build.0 = Debug|Win32
		{444D9577-556A-3FC5-AE77-9E18719AE875}.Release|Win32.ActiveCfg = Release|Win32
		{444D9577-556A-3FC5-AE77-9E18719AE875}.Release|Win32.Build.0 = Release|Win32
		{444D9577-556A-3FC5-AE77-9E18719AE875}.MinSizeRel|Win32.ActiveCfg = MinSizeRel|Win32
		{444D9577-556A-3FC5-AE77-9E18719AE875}.MinSizeRel|Win32.Build.0 = MinSizeRel|Win32
		{444D9577-556A-3FC5-AE77-9E18719AE875}.RelWithDebInfo|Win32.ActiveCfg = RelWithDebInfo|Win32
		{444D9577-556A-3FC5-AE77-9E18719AE875}.RelWithDebInfo|Win32.Build.0 = RelWithDebInfo|Win32
		{FDC75DB7-73E3-3934-8EEE-05E6565AF8A0}.Debug|Win32.ActiveCfg = Debug|Win32
		{FDC75DB7-73E3-3934-8EEE-05E6565AF8A0}.Debug|Win32.Build.0 = Debug|Win32
		{FDC75DB7-73E3-3934-8EEE-05E6565AF8A0}.Release|Win32.ActiveCfg = Release|Win32
		{FDC75DB7-73E3-3934-8EEE-05E6565AF8A0}.Release|Win32.Build.0 = Release|Win32
		{FDC75DB7-73E3-3934-8EEE-05E6565AF8A0}.MinSizeRel|Win32.ActiveCfg = MinSizeRel|Win32
		{FDC75DB7-73E3-3934-8EEE-05E6565AF8A0}.MinSizeRel|Win32.Build.0 = MinSizeRel|Win32
		{FDC75DB7-73E3-3934-8EEE-05E6565AF8A0}.RelWithDebInfo|Win32.ActiveCfg = RelWithDebInfo|Win32
		{FDC75DB7-73E3-3934-8EEE-05E6565AF8A0}.RelWithDebInfo|Win32.Build.0 = RelWithDebInfo|Win32
		{8030EC20-5B67-3BD9-A892-0357B1552CB1}.Debug|Win32.ActiveCfg = Debug|Win32
		{8030EC20-5B67-3BD9-A892-0357B1552CB1}.Debug|Win32.Build.0 = Debug|Win32
		{8030EC20-5B67-3BD9-A892-0357B1552CB1}.Release|Win32.ActiveCfg = Release|Win32
		{8030EC20-5B67-3BD9-A892-0357B1552CB1}.Release|Win32.Build.0 = Release|Win32
		{8030EC20-5B67-3BD9-A892-0357B1552CB1}.MinSizeRel|Win32.ActiveCfg = MinSizeRel|Win32
		{8030EC20-5B67-3BD9-A892-0357B1552CB1}.MinSizeRel|Win32.Build.0 = MinSizeRel|Win32
		{8030EC20-5B67-3BD9-A892-0357B1552CB1}.RelWithDebInfo|Win32.ActiveCfg = RelWithDebInfo|Win32
		{8030EC20-5B67-3BD9-A892-0357B1552CB1}.RelWithDebInfo|Win32.Build.0 = RelWithDebInfo|Win32
		{BE6C8A1F-A0DD-38D3-ACB1-5F3376B4E87B}.Debug|Win32.ActiveCfg = Debug|Win32
		{BE6C8A1F-A0DD-38D3-ACB1-5F3376B4E87B}.Debug|Win32.Build.0 = Debug|Win32
		{BE6C8A1F-A0DD-38D3-ACB1-5F3376B4E87B}.Release|Win32.ActiveCfg = Release|Win32
		{BE6C8A1F-A0DD-38D3-ACB1-5F3376B4E87B}.Release|Win32.Build.0 = Release|Win32
		{BE6C8A1F-A0DD-38D3-ACB1-5F3376B4E87B}.MinSizeRel|Win32.ActiveCfg = MinSizeRel|Win32
		{BE6C8A1F-A0DD-38D3-ACB1-5F3376B4E87B}.MinSizeRel|Win32.Build.0 = MinSizeRel|Win32
		{BE6C8A1F-A0DD-38D3-ACB1-5F3376B4E87B}.RelWithDebInfo|Win32.ActiveCfg = RelWithDebInfo|Win32
		{BE6C8A1F-A0DD-38D3-ACB1-5F3376B4E87B}.RelWithDebInfo|Win32.Build.0 = RelWithDebInfo|Win32
		{1DC4104D-4FA3-31E9-8CAC-A98FE0BD79B6}.Debug|Win32.ActiveCfg = Debug|Win32
		{1DC4104D-4FA3-31E9-8CAC-A98FE0BD79B6}.Debug|Win32.Build.0 = Debug|Win32
		{1DC4104D-4FA3-31E9-8CAC-A98FE0BD79B6}.Release|Win32.ActiveCfg = Release|Win32
		{1DC4104D-4FA3-31E9-8CAC-A98FE0BD79B6}.Release|Win32.Build.0 = Release|Win32
		{1DC4104D-4FA3-31E9-8CAC-A98FE0BD79B6}.MinSizeRel|Win32.ActiveCfg = MinSizeRel|Win32
		{1DC4104D-4FA3-31E9-8CAC-A98FE0BD79B6}.MinSizeRel|Win32.Build.0 = MinSizeRel|Win32
		{1DC4104D-4FA3-31E9-8CAC-A98FE0BD79B6}.RelWithDebInfo|Win32.ActiveCfg = RelWithDebInfo|Win32
		{1DC4104D-4FA3-31E9-8CAC-A98FE0BD79B6}.RelWithDebInfo|Win32.Build.0 = RelWithDebInfo|Win32
		{75238041-1FDE-3835-95EA-6F1F394FCB50}.Debug|Win32.ActiveCfg = Debug|Win32
		{75238041-1FDE-3835-95EA-6F1F394FCB50}.Debug|Win32.Build.0 = Debug|Win32
		{75238041-1FDE-3835-95EA-6F1F394FCB50}.Release|Win32.ActiveCfg = Release|Win32
		{75238041-1FDE-3835-95EA-6F1F394FCB50}.Release|Win32.Build.0 = Release|Win32
		{75238041-1FDE-3835-95EA-6F1F394FCB50}.MinSizeRel|Win32.ActiveCfg = MinSizeRel|Win32
		{75238041-1FDE-3835-95EA-6F1F394FCB50}.MinSizeRel|Win32.Build.0 = MinSizeRel|Win32
		{75238041-1FDE-3835-95EA-6F1F394FCB50}.RelWithDebInfo|Win32.ActiveCfg = RelWithDebInfo|Win32
		{75238041-1FDE-3835-95EA-6F1F394FCB50}.RelWithDebInfo|Win32.Build.0 = RelWithDebInfo|Win32
		{921E9820-4830-3E75-85EB-66A1268FB4CF}.Debug|Win32.ActiveCfg = Debug|Win32
		{921E9820-4830-3E75-85EB-66A1268FB4CF}.Debug|Win32.Build.0 = Debug|Win32
		{921E9820-4830-3E75-85EB-66A1268FB4CF}.Release|Win32.ActiveCfg = Release|Win32
		{921E9820-4830-3E75-85EB-66A1268FB4CF}.Release|Win32.Build.0 = Release|Win32
		{921E9820-4830-3E75-85EB-66A1268FB4CF}.MinSizeRel|Win32.ActiveCfg = MinSizeRel|Win32
		{921E9820-4830-3E75-85EB-66A1268FB4CF}.MinSizeRel|Win32.Build.0 = MinSizeRel|Win32
		{921E9820-4830-3E75-85EB-66A1268FB4CF}.RelWithDebInfo|Win32.ActiveCfg = RelWithDebInfo|Win32
		{921E9820-4830-3E75-85EB-66A1268FB4CF}.RelWithDebInfo|Win32.Build.0 = RelWithDebInfo|Win32
		{86262AD2-82BF-3E49-BBDF-418848027A2B}.Debug|Win32.ActiveCfg = Debug|Win32
		{86262AD2-82BF-3E49-BBDF-418848027A2B}.Debug|Win32.Build.0 = Debug|Win32
		{86262AD2-82BF-3E49-BBDF-418848027A2B}.Release|Win32.ActiveCfg = Release|Win32
		{86262AD2-82BF-3E49-BBDF-418848027A2B}.Release|Win32.Build.0 = Release|Win32
		{86262AD2-82BF-3E49-BBDF-418848027A2B}.MinSizeRel|Win32.ActiveCfg = MinSizeRel|Win32
		{86262AD2-82BF-3E49-BBDF-418848027A2B}.MinSizeRel|Win32.Build.0 = MinSizeRel|Win32
		{86262AD2-82BF-3E49-BBDF-418848027A2B}.RelWithDebInfo|Win32.ActiveCfg = RelWithDebInfo|Win32
		{86262AD2-82BF-3E49-BBDF-418848027A2B}.RelWithDebInfo|Win32.Build.0 = RelWithDebInfo|Win32
		{210C70C7-34E2-380A-A6E3-7066E0DE2898}.Debug|Win32.ActiveCfg = Debug|Win32
		{210C70C7-34E2-380A-A6E3-7066E0DE2898}.Debug|Win32.Build.0 = Debug|Win32
		{210C70C7-34E2-380A-A6E3-7066E0DE2898}.Release|Win32.ActiveCfg = Release|Win32
		{210C70C7-34E2-380A-A6E3-7066E0DE2898}.Release|Win32.Build.0 = Release|Win32
		{210C70C7-34E2-380A-A6E3-7066E0DE2898}.MinSizeRel|Win32.ActiveCfg = MinSizeRel|Win32
		{210C70C7-34E2-380A-A6E3-7066E0DE2898}.MinSizeRel|Win32.Build.0 = MinSizeRel|Win32
		{210C70C7-34E2-380A-A6E3-7066E0DE2898}.RelWithDebInfo|Win32.ActiveCfg = RelWithDebInfo|Win32
		{210C70C7-34E2-380A-A6E3-7066E0DE2898}.RelWithDebInfo|Win32.Build.0 = RelWithDebInfo|Win32
		{F6418330-9817-3EB2-8216-90C585724E20}.Debug|Win32.ActiveCfg = Debug|Win32
		{F6418330-9817-3EB2-8216-90C585724E20}.Debug|Win32.Build.0 = Debug|Win32
		{F6418330-9817-3EB2-8216-90C585724E20}.Release|Win32.ActiveCfg = Release|Win32
		{F6418330-9817-3EB2-8216-90C585724E20}.Release|Win32.Build.0 = Release|Win32
		{F6418330-9817-3EB2-8216-90C585724E20}.MinSizeRel|Win32.ActiveCfg = MinSizeRel|Win32
		{F6418330-9817-3EB2-8216-90C585724E20}.MinSizeRel|Win32.Build.0 = MinSizeRel|Win32
		{F6418330-9817-3EB2-8216-90C585724E20}.RelWithDebInfo|Win32.ActiveCfg = RelWithDebInfo|Win32
		{F6418330-9817-3EB2-8216-90C585724E20}.RelWithDebInfo|Win32.Build.0 = RelWithDebInfo|Win32
		{8FE24A1D-5066-3B09-854F-06CE34669536}.Debug|Win32.ActiveCfg = Debug|Win32
		{8FE24A1D-5066-3B09-854F-06CE34669536}.Debug|Win32.Build.0 = Debug|Win32
		{8FE24A1D-5066-3B09-854F-06CE34669536}.Release|Win32.ActiveCfg = Release|Win32
		{8FE24A1D-5066-3B09-854F-06CE34669536}.Release|Win32.Build.0 = Release|Win32
		{8FE24A1D-5066-3B09-854F-06CE34669536}.MinSizeRel|Win32.ActiveCfg = MinSizeRel|Win32
		{8FE24A1D-5066-3B09-854F-06CE34669536}.MinSizeRel|Win32.Build.0 = MinSizeRel|Win32
		{8FE24A1D-5066-3B09-854F-06CE34669536}.RelWithDebInfo|Win32.ActiveCfg = RelWithDebInfo|Win32
		{8FE24A1D-5066-3B09-854F-06CE34669536}.RelWithDebInfo|Win32.Build.0 = RelWithDebInfo|Win32
	EndGlobalSection
	GlobalSection(ExtensibilityGlobals) = postSolution
	EndGlobalSection
	GlobalSection(ExtensibilityAddIns) = postSolution
	EndGlobalSection
EndGlobal
